
Microsoft Visual Studio Solution File, Format Version 12.00
# Visual Studio Version 16
VisualStudioVersion = 16.0.30114.105
MinimumVisualStudioVersion = 10.0.40219.1
Project("{9A19103F-16F7-4668-BE54-9A1E7A4F7556}") = "DaysService", "DaysService\DaysService.csproj", "{F077814F-B64E-4246-8A69-8C4F36BEA388}"
EndProject
Project("{9A19103F-16F7-4668-BE54-9A1E7A4F7556}") = "MonthService", "MonthService\MonthService.csproj", "{909DF025-98DB-42F5-9CBD-06B1F1B0422E}"
EndProject
Project("{9A19103F-16F7-4668-BE54-9A1E7A4F7556}") = "MergeService", "MergeService\MergeService.csproj", "{BADE4A86-3D1D-48B1-B88A-A0C7A3DCC35C}"
EndProject
Project("{9A19103F-16F7-4668-BE54-9A1E7A4F7556}") = "FrontEnd", "FrontEnd\FrontEnd.csproj", "{4DC298E8-E861-4FCF-A3DA-D0C3DA7CB2FC}"
EndProject
Project("{9A19103F-16F7-4668-BE54-9A1E7A4F7556}") = "HolidayGeneratorTest", "HolidayGeneratorTest\HolidayGeneratorTest.csproj", "{3D46380C-BAC6-434F-88D4-3E121F4EF84C}"
EndProject
Project("{FAE04EC0-301F-11D3-BF4B-00C04F79EFBC}") = "DaysFunction", "DaysFunction\DaysFunction.csproj", "{18FCC6CB-281D-4ABD-9B3F-879858BB8466}"
EndProject
Project("{FAE04EC0-301F-11D3-BF4B-00C04F79EFBC}") = "MonthFunction", "MonthFunction\MonthFunction.csproj", "{7D97C17C-D879-459A-BDC4-22558EEF3137}"
EndProject
Project("{FAE04EC0-301F-11D3-BF4B-00C04F79EFBC}") = "MergeFunction", "MergeFunction\MergeFunction.csproj", "{0837A58E-5AB4-47E1-BD74-4DF1837B62B0}"
EndProject
Global
	GlobalSection(SolutionConfigurationPlatforms) = preSolution
		Debug|Any CPU = Debug|Any CPU
		Debug|x64 = Debug|x64
		Debug|x86 = Debug|x86
		Release|Any CPU = Release|Any CPU
		Release|x64 = Release|x64
		Release|x86 = Release|x86
	EndGlobalSection
	GlobalSection(ProjectConfigurationPlatforms) = postSolution
		{F077814F-B64E-4246-8A69-8C4F36BEA388}.Debug|Any CPU.ActiveCfg = Debug|Any CPU
		{F077814F-B64E-4246-8A69-8C4F36BEA388}.Debug|Any CPU.Build.0 = Debug|Any CPU
		{F077814F-B64E-4246-8A69-8C4F36BEA388}.Debug|x64.ActiveCfg = Debug|Any CPU
		{F077814F-B64E-4246-8A69-8C4F36BEA388}.Debug|x64.Build.0 = Debug|Any CPU
		{F077814F-B64E-4246-8A69-8C4F36BEA388}.Debug|x86.ActiveCfg = Debug|Any CPU
		{F077814F-B64E-4246-8A69-8C4F36BEA388}.Debug|x86.Build.0 = Debug|Any CPU
		{F077814F-B64E-4246-8A69-8C4F36BEA388}.Release|Any CPU.ActiveCfg = Release|Any CPU
		{F077814F-B64E-4246-8A69-8C4F36BEA388}.Release|Any CPU.Build.0 = Release|Any CPU
		{F077814F-B64E-4246-8A69-8C4F36BEA388}.Release|x64.ActiveCfg = Release|Any CPU
		{F077814F-B64E-4246-8A69-8C4F36BEA388}.Release|x64.Build.0 = Release|Any CPU
		{F077814F-B64E-4246-8A69-8C4F36BEA388}.Release|x86.ActiveCfg = Release|Any CPU
		{F077814F-B64E-4246-8A69-8C4F36BEA388}.Release|x86.Build.0 = Release|Any CPU
		{909DF025-98DB-42F5-9CBD-06B1F1B0422E}.Debug|Any CPU.ActiveCfg = Debug|Any CPU
		{909DF025-98DB-42F5-9CBD-06B1F1B0422E}.Debug|Any CPU.Build.0 = Debug|Any CPU
		{909DF025-98DB-42F5-9CBD-06B1F1B0422E}.Debug|x64.ActiveCfg = Debug|Any CPU
		{909DF025-98DB-42F5-9CBD-06B1F1B0422E}.Debug|x64.Build.0 = Debug|Any CPU
		{909DF025-98DB-42F5-9CBD-06B1F1B0422E}.Debug|x86.ActiveCfg = Debug|Any CPU
		{909DF025-98DB-42F5-9CBD-06B1F1B0422E}.Debug|x86.Build.0 = Debug|Any CPU
		{909DF025-98DB-42F5-9CBD-06B1F1B0422E}.Release|Any CPU.ActiveCfg = Release|Any CPU
		{909DF025-98DB-42F5-9CBD-06B1F1B0422E}.Release|Any CPU.Build.0 = Release|Any CPU
		{909DF025-98DB-42F5-9CBD-06B1F1B0422E}.Release|x64.ActiveCfg = Release|Any CPU
		{909DF025-98DB-42F5-9CBD-06B1F1B0422E}.Release|x64.Build.0 = Release|Any CPU
		{909DF025-98DB-42F5-9CBD-06B1F1B0422E}.Release|x86.ActiveCfg = Release|Any CPU
		{909DF025-98DB-42F5-9CBD-06B1F1B0422E}.Release|x86.Build.0 = Release|Any CPU
		{BADE4A86-3D1D-48B1-B88A-A0C7A3DCC35C}.Debug|Any CPU.ActiveCfg = Debug|Any CPU
		{BADE4A86-3D1D-48B1-B88A-A0C7A3DCC35C}.Debug|Any CPU.Build.0 = Debug|Any CPU
		{BADE4A86-3D1D-48B1-B88A-A0C7A3DCC35C}.Debug|x64.ActiveCfg = Debug|Any CPU
		{BADE4A86-3D1D-48B1-B88A-A0C7A3DCC35C}.Debug|x64.Build.0 = Debug|Any CPU
		{BADE4A86-3D1D-48B1-B88A-A0C7A3DCC35C}.Debug|x86.ActiveCfg = Debug|Any CPU
		{BADE4A86-3D1D-48B1-B88A-A0C7A3DCC35C}.Debug|x86.Build.0 = Debug|Any CPU
		{BADE4A86-3D1D-48B1-B88A-A0C7A3DCC35C}.Release|Any CPU.ActiveCfg = Release|Any CPU
		{BADE4A86-3D1D-48B1-B88A-A0C7A3DCC35C}.Release|Any CPU.Build.0 = Release|Any CPU
		{BADE4A86-3D1D-48B1-B88A-A0C7A3DCC35C}.Release|x64.ActiveCfg = Release|Any CPU
		{BADE4A86-3D1D-48B1-B88A-A0C7A3DCC35C}.Release|x64.Build.0 = Release|Any CPU
		{BADE4A86-3D1D-48B1-B88A-A0C7A3DCC35C}.Release|x86.ActiveCfg = Release|Any CPU
		{BADE4A86-3D1D-48B1-B88A-A0C7A3DCC35C}.Release|x86.Build.0 = Release|Any CPU
		{4DC298E8-E861-4FCF-A3DA-D0C3DA7CB2FC}.Debug|Any CPU.ActiveCfg = Debug|Any CPU
		{4DC298E8-E861-4FCF-A3DA-D0C3DA7CB2FC}.Debug|Any CPU.Build.0 = Debug|Any CPU
		{4DC298E8-E861-4FCF-A3DA-D0C3DA7CB2FC}.Debug|x64.ActiveCfg = Debug|Any CPU
		{4DC298E8-E861-4FCF-A3DA-D0C3DA7CB2FC}.Debug|x64.Build.0 = Debug|Any CPU
		{4DC298E8-E861-4FCF-A3DA-D0C3DA7CB2FC}.Debug|x86.ActiveCfg = Debug|Any CPU
		{4DC298E8-E861-4FCF-A3DA-D0C3DA7CB2FC}.Debug|x86.Build.0 = Debug|Any CPU
		{4DC298E8-E861-4FCF-A3DA-D0C3DA7CB2FC}.Release|Any CPU.ActiveCfg = Release|Any CPU
		{4DC298E8-E861-4FCF-A3DA-D0C3DA7CB2FC}.Release|Any CPU.Build.0 = Release|Any CPU
		{4DC298E8-E861-4FCF-A3DA-D0C3DA7CB2FC}.Release|x64.ActiveCfg = Release|Any CPU
		{4DC298E8-E861-4FCF-A3DA-D0C3DA7CB2FC}.Release|x64.Build.0 = Release|Any CPU
		{4DC298E8-E861-4FCF-A3DA-D0C3DA7CB2FC}.Release|x86.ActiveCfg = Release|Any CPU
		{4DC298E8-E861-4FCF-A3DA-D0C3DA7CB2FC}.Release|x86.Build.0 = Release|Any CPU
		{3D46380C-BAC6-434F-88D4-3E121F4EF84C}.Debug|Any CPU.ActiveCfg = Debug|Any CPU
		{3D46380C-BAC6-434F-88D4-3E121F4EF84C}.Debug|Any CPU.Build.0 = Debug|Any CPU
		{3D46380C-BAC6-434F-88D4-3E121F4EF84C}.Debug|x64.ActiveCfg = Debug|Any CPU
		{3D46380C-BAC6-434F-88D4-3E121F4EF84C}.Debug|x64.Build.0 = Debug|Any CPU
		{3D46380C-BAC6-434F-88D4-3E121F4EF84C}.Debug|x86.ActiveCfg = Debug|Any CPU
		{3D46380C-BAC6-434F-88D4-3E121F4EF84C}.Debug|x86.Build.0 = Debug|Any CPU
		{3D46380C-BAC6-434F-88D4-3E121F4EF84C}.Release|Any CPU.ActiveCfg = Release|Any CPU
		{3D46380C-BAC6-434F-88D4-3E121F4EF84C}.Release|Any CPU.Build.0 = Release|Any CPU
		{3D46380C-BAC6-434F-88D4-3E121F4EF84C}.Release|x64.ActiveCfg = Release|Any CPU
		{3D46380C-BAC6-434F-88D4-3E121F4EF84C}.Release|x64.Build.0 = Release|Any CPU
		{3D46380C-BAC6-434F-88D4-3E121F4EF84C}.Release|x86.ActiveCfg = Release|Any CPU
		{3D46380C-BAC6-434F-88D4-3E121F4EF84C}.Release|x86.Build.0 = Release|Any CPU
		{18FCC6CB-281D-4ABD-9B3F-879858BB8466}.Debug|Any CPU.ActiveCfg = Debug|Any CPU
		{18FCC6CB-281D-4ABD-9B3F-879858BB8466}.Debug|Any CPU.Build.0 = Debug|Any CPU
		{18FCC6CB-281D-4ABD-9B3F-879858BB8466}.Debug|x64.ActiveCfg = Debug|Any CPU
		{18FCC6CB-281D-4ABD-9B3F-879858BB8466}.Debug|x64.Build.0 = Debug|Any CPU
		{18FCC6CB-281D-4ABD-9B3F-879858BB8466}.Debug|x86.ActiveCfg = Debug|Any CPU
		{18FCC6CB-281D-4ABD-9B3F-879858BB8466}.Debug|x86.Build.0 = Debug|Any CPU
		{18FCC6CB-281D-4ABD-9B3F-879858BB8466}.Release|Any CPU.ActiveCfg = Release|Any CPU
		{18FCC6CB-281D-4ABD-9B3F-879858BB8466}.Release|Any CPU.Build.0 = Release|Any CPU
		{18FCC6CB-281D-4ABD-9B3F-879858BB8466}.Release|x64.ActiveCfg = Release|Any CPU
		{18FCC6CB-281D-4ABD-9B3F-879858BB8466}.Release|x64.Build.0 = Release|Any CPU
		{18FCC6CB-281D-4ABD-9B3F-879858BB8466}.Release|x86.ActiveCfg = Release|Any CPU
		{18FCC6CB-281D-4ABD-9B3F-879858BB8466}.Release|x86.Build.0 = Release|Any CPU
		{7D97C17C-D879-459A-BDC4-22558EEF3137}.Debug|Any CPU.ActiveCfg = Debug|Any CPU
		{7D97C17C-D879-459A-BDC4-22558EEF3137}.Debug|Any CPU.Build.0 = Debug|Any CPU
		{7D97C17C-D879-459A-BDC4-22558EEF3137}.Debug|x64.ActiveCfg = Debug|Any CPU
		{7D97C17C-D879-459A-BDC4-22558EEF3137}.Debug|x64.Build.0 = Debug|Any CPU
		{7D97C17C-D879-459A-BDC4-22558EEF3137}.Debug|x86.ActiveCfg = Debug|Any CPU
		{7D97C17C-D879-459A-BDC4-22558EEF3137}.Debug|x86.Build.0 = Debug|Any CPU
		{7D97C17C-D879-459A-BDC4-22558EEF3137}.Release|Any CPU.ActiveCfg = Release|Any CPU
		{7D97C17C-D879-459A-BDC4-22558EEF3137}.Release|Any CPU.Build.0 = Release|Any CPU
		{7D97C17C-D879-459A-BDC4-22558EEF3137}.Release|x64.ActiveCfg = Release|Any CPU
		{7D97C17C-D879-459A-BDC4-22558EEF3137}.Release|x64.Build.0 = Release|Any CPU
		{7D97C17C-D879-459A-BDC4-22558EEF3137}.Release|x86.ActiveCfg = Release|Any CPU
		{7D97C17C-D879-459A-BDC4-22558EEF3137}.Release|x86.Build.0 = Release|Any CPU
		{0837A58E-5AB4-47E1-BD74-4DF1837B62B0}.Debug|Any CPU.ActiveCfg = Debug|Any CPU
		{0837A58E-5AB4-47E1-BD74-4DF1837B62B0}.Debug|Any CPU.Build.0 = Debug|Any CPU
		{0837A58E-5AB4-47E1-BD74-4DF1837B62B0}.Debug|x64.ActiveCfg = Debug|Any CPU
		{0837A58E-5AB4-47E1-BD74-4DF1837B62B0}.Debug|x64.Build.0 = Debug|Any CPU
		{0837A58E-5AB4-47E1-BD74-4DF1837B62B0}.Debug|x86.ActiveCfg = Debug|Any CPU
		{0837A58E-5AB4-47E1-BD74-4DF1837B62B0}.Debug|x86.Build.0 = Debug|Any CPU
		{0837A58E-5AB4-47E1-BD74-4DF1837B62B0}.Release|Any CPU.ActiveCfg = Release|Any CPU
		{0837A58E-5AB4-47E1-BD74-4DF1837B62B0}.Release|Any CPU.Build.0 = Release|Any CPU
		{0837A58E-5AB4-47E1-BD74-4DF1837B62B0}.Release|x64.ActiveCfg = Release|Any CPU
		{0837A58E-5AB4-47E1-BD74-4DF1837B62B0}.Release|x64.Build.0 = Release|Any CPU
		{0837A58E-5AB4-47E1-BD74-4DF1837B62B0}.Release|x86.ActiveCfg = Release|Any CPU
		{0837A58E-5AB4-47E1-BD74-4DF1837B62B0}.Release|x86.Build.0 = Release|Any CPU
	EndGlobalSection
	GlobalSection(SolutionProperties) = preSolution
		HideSolutionNode = FALSE
	EndGlobalSection
	GlobalSection(ExtensibilityGlobals) = postSolution
		SolutionGuid = {DCF39463-5D38-4A44-A043-BFF09621CA99}
	EndGlobalSection
EndGlobal
